
Microsoft Visual Studio Solution File, Format Version 12.00
# Visual Studio 2012
Project("{FAE04EC0-301F-11D3-BF4B-00C04F79EFBC}") = "ThreadPoolTask", "ThreadPoolTask\ThreadPoolTask.csproj", "{E215FF4A-C97F-43F3-A7E5-5A6B475372C0}"
EndProject
Project("{FAE04EC0-301F-11D3-BF4B-00C04F79EFBC}") = "ThreadPoolTask.Tests", "ThreadPoolTask.Tests\ThreadPoolTask.Tests.csproj", "{9E95BD0D-16B5-4974-91CC-067920ABC414}"
EndProject
Project("{2150E333-8FDC-42A3-9474-1A3956D46DE8}") = "Solution Items", "Solution Items", "{A7113C8C-C5D8-4398-98B0-AE31E55AC3D0}"
	ProjectSection(SolutionItems) = preProject
		Пояснительная записка.docx = Пояснительная записка.docx
	EndProjectSection
EndProject
Global
	GlobalSection(SolutionConfigurationPlatforms) = preSolution
		Debug|Any CPU = Debug|Any CPU
		Release|Any CPU = Release|Any CPU
	EndGlobalSection
	GlobalSection(ProjectConfigurationPlatforms) = postSolution
		{E215FF4A-C97F-43F3-A7E5-5A6B475372C0}.Debug|Any CPU.ActiveCfg = Debug|Any CPU
		{E215FF4A-C97F-43F3-A7E5-5A6B475372C0}.Debug|Any CPU.Build.0 = Debug|Any CPU
		{E215FF4A-C97F-43F3-A7E5-5A6B475372C0}.Release|Any CPU.ActiveCfg = Release|Any CPU
		{E215FF4A-C97F-43F3-A7E5-5A6B475372C0}.Release|Any CPU.Build.0 = Release|Any CPU
		{9E95BD0D-16B5-4974-91CC-067920ABC414}.Debug|Any CPU.ActiveCfg = Debug|Any CPU
		{9E95BD0D-16B5-4974-91CC-067920ABC414}.Debug|Any CPU.Build.0 = Debug|Any CPU
		{9E95BD0D-16B5-4974-91CC-067920ABC414}.Release|Any CPU.ActiveCfg = Release|Any CPU
		{9E95BD0D-16B5-4974-91CC-067920ABC414}.Release|Any CPU.Build.0 = Release|Any CPU
	EndGlobalSection
	GlobalSection(SolutionProperties) = preSolution
		HideSolutionNode = FALSE
	EndGlobalSection
EndGlobal
